{
  "requires": true,
  "lockfileVersion": 1,
  "dependencies": {
    "primevue": {
      "version": "3.5.1",
      "resolved": "https://registry.npmjs.org/primevue/-/primevue-3.5.1.tgz",
      "integrity": "sha512-QLXhsXse21Gz22pFJWVScy443FhnIAOK1OF07VlkaqypylftcpeVF6g9pXCSpQfkXpUc0LsH6kqwB9IlO3Lcgw=="
    }
  }
}
